PODS:
  - flutter_cloud_kit (0.0.1):
    - Flutter
    - FlutterMacOS
  - FlutterMacOS (1.0.0)

DEPENDENCIES:
  - flutter_cloud_kit (from `Flutter/ephemeral/.symlinks/plugins/flutter_cloud_kit/darwin`)
  - FlutterMacOS (from `Flutter/ephemeral`)

EXTERNAL SOURCES:
  flutter_cloud_kit:
    :path: Flutter/ephemeral/.symlinks/plugins/flutter_cloud_kit/darwin
  FlutterMacOS:
    :path: Flutter/ephemeral

SPEC CHECKSUMS:
  flutter_cloud_kit: c204c1fd9ca6a2c13c29f1d20c5b29e7390c6053
  FlutterMacOS: 8f6f14fa908a6fb3fba0cd85dbd81ec4b251fb24

PODFILE CHECKSUM: 236401fc2c932af29a9fcf0e97baeeb2d750d367

COCOAPODS: 1.11.3
